
Microsoft Visual Studio Solution File, Format Version 12.00
# Visual Studio Version 17
VisualStudioVersion = 17.7.34024.191
MinimumVisualStudioVersion = 10.0.40219.1
Project("{9A19103F-16F7-4668-BE54-9A1E7A4F7556}") = "ComputerVisionAPI", "ComputerVisionAPI.csproj", "{4465ADFE-999E-416E-8F6D-AEAD4685B970}"
EndProject
Global
	GlobalSection(SolutionConfigurationPlatforms) = preSolution
		Debug|Any CPU = Debug|Any CPU
		Release|Any CPU = Release|Any CPU
	EndGlobalSection
	GlobalSection(ProjectConfigurationPlatforms) = postSolution
		{4465ADFE-999E-416E-8F6D-AEAD4685B970}.Debug|Any CPU.ActiveCfg = Debug|Any CPU
		{4465ADFE-999E-416E-8F6D-AEAD4685B970}.Debug|Any CPU.Build.0 = Debug|Any CPU
		{4465ADFE-999E-416E-8F6D-AEAD4685B970}.Release|Any CPU.ActiveCfg = Release|Any CPU
		{4465ADFE-999E-416E-8F6D-AEAD4685B970}.Release|Any CPU.Build.0 = Release|Any CPU
	EndGlobalSection
	GlobalSection(SolutionProperties) = preSolution
		HideSolutionNode = FALSE
	EndGlobalSection
	GlobalSection(ExtensibilityGlobals) = postSolution
		SolutionGuid = {6E8CCA73-7426-44B3-B8F7-802B031139E2}
	EndGlobalSection
EndGlobal
